// !$*UTF8*$!
{
	archiveVersion = 1;
	classes = {
	};
	objectVersion = 56;
	objects = {

/* Begin PBXBuildFile section */
		5300FD272C0A336B00391E29 /* ListingItemView.swift in Sources */ = {isa = PBXBuildFile; fileRef = 5300FD262C0A336B00391E29 /* ListingItemView.swift */; };
		5300FD292C0A693F00391E29 /* SearchAndFilterView.swift in Sources */ = {isa = PBXBuildFile; fileRef = 5300FD282C0A693F00391E29 /* SearchAndFilterView.swift */; };
		5318C6222C111923008A2F35 /* SearchDestinationView.swift in Sources */ = {isa = PBXBuildFile; fileRef = 5318C6212C111922008A2F35 /* SearchDestinationView.swift */; };
		533285CC2C126D18002B183D /* ProfileView.swift in Sources */ = {isa = PBXBuildFile; fileRef = 533285CB2C126D18002B183D /* ProfileView.swift */; };
		533285CE2C127A54002B183D /* ProfileOptionsRowView.swift in Sources */ = {isa = PBXBuildFile; fileRef = 533285CD2C127A54002B183D /* ProfileOptionsRowView.swift */; };
		533285D02C127CC7002B183D /* WishListsView.swift in Sources */ = {isa = PBXBuildFile; fileRef = 533285CF2C127CC7002B183D /* WishListsView.swift */; };
		533285D22C127F9E002B183D /* CTAbuttonView.swift in Sources */ = {isa = PBXBuildFile; fileRef = 533285D12C127F9D002B183D /* CTAbuttonView.swift */; };
		533285D42C12805B002B183D /* MainTabBarView.swift in Sources */ = {isa = PBXBuildFile; fileRef = 533285D32C12805B002B183D /* MainTabBarView.swift */; };
		5382A3AD2C0E7ADC00E94077 /* ListingDetailView.swift in Sources */ = {isa = PBXBuildFile; fileRef = 5382A3AC2C0E7ADC00E94077 /* ListingDetailView.swift */; };
		5382A3B02C0E7C1E00E94077 /* ListingImagesCarouselView.swift in Sources */ = {isa = PBXBuildFile; fileRef = 5382A3AF2C0E7C1E00E94077 /* ListingImagesCarouselView.swift */; };
		5393BC822C07D62B0081BEC5 /* AirBnBswiftUIApp.swift in Sources */ = {isa = PBXBuildFile; fileRef = 5393BC812C07D62B0081BEC5 /* AirBnBswiftUIApp.swift */; };
		5393BC842C07D62B0081BEC5 /* ContentView.swift in Sources */ = {isa = PBXBuildFile; fileRef = 5393BC832C07D62B0081BEC5 /* ContentView.swift */; };
		5393BC862C07D6300081BEC5 /* Assets.xcassets in Resources */ = {isa = PBXBuildFile; fileRef = 5393BC852C07D6300081BEC5 /* Assets.xcassets */; };
		5393BC892C07D6300081BEC5 /* Preview Assets.xcassets in Resources */ = {isa = PBXBuildFile; fileRef = 5393BC882C07D6300081BEC5 /* Preview Assets.xcassets */; };
		5393BC9C2C07DBF90081BEC5 /* ExploreView.swift in Sources */ = {isa = PBXBuildFile; fileRef = 5393BC9B2C07DBF90081BEC5 /* ExploreView.swift */; };
		53EB33052C13D12A005EE821 /* Listing.swift in Sources */ = {isa = PBXBuildFile; fileRef = 53EB33042C13D12A005EE821 /* Listing.swift */; };
		53EB33072C13DDF8005EE821 /* MockData.swift in Sources */ = {isa = PBXBuildFile; fileRef = 53EB33062C13DDF8005EE821 /* MockData.swift */; };
		53EB330C2C13E472005EE821 /* ExploreViewModel.swift in Sources */ = {isa = PBXBuildFile; fileRef = 53EB330B2C13E472005EE821 /* ExploreViewModel.swift */; };
		53EB330E2C13E589005EE821 /* ExploreService.swift in Sources */ = {isa = PBXBuildFile; fileRef = 53EB330D2C13E589005EE821 /* ExploreService.swift */; };
/* End PBXBuildFile section */

/* Begin PBXFileReference section */
		5300FD262C0A336B00391E29 /* ListingItemView.swift */ = {isa = PBXFileReference; lastKnownFileType = sourcecode.swift; path = ListingItemView.swift; sourceTree = "<group>"; };
		5300FD282C0A693F00391E29 /* SearchAndFilterView.swift */ = {isa = PBXFileReference; lastKnownFileType = sourcecode.swift; path = SearchAndFilterView.swift; sourceTree = "<group>"; };
		5318C6212C111922008A2F35 /* SearchDestinationView.swift */ = {isa = PBXFileReference; lastKnownFileType = sourcecode.swift; path = SearchDestinationView.swift; sourceTree = "<group>"; };
		533285CB2C126D18002B183D /* ProfileView.swift */ = {isa = PBXFileReference; lastKnownFileType = sourcecode.swift; path = ProfileView.swift; sourceTree = "<group>"; };
		533285CD2C127A54002B183D /* ProfileOptionsRowView.swift */ = {isa = PBXFileReference; lastKnownFileType = sourcecode.swift; path = ProfileOptionsRowView.swift; sourceTree = "<group>"; };
		533285CF2C127CC7002B183D /* WishListsView.swift */ = {isa = PBXFileReference; lastKnownFileType = sourcecode.swift; path = WishListsView.swift; sourceTree = "<group>"; };
		533285D12C127F9D002B183D /* CTAbuttonView.swift */ = {isa = PBXFileReference; lastKnownFileType = sourcecode.swift; path = CTAbuttonView.swift; sourceTree = "<group>"; };
		533285D32C12805B002B183D /* MainTabBarView.swift */ = {isa = PBXFileReference; lastKnownFileType = sourcecode.swift; path = MainTabBarView.swift; sourceTree = "<group>"; };
		5382A3AC2C0E7ADC00E94077 /* ListingDetailView.swift */ = {isa = PBXFileReference; lastKnownFileType = sourcecode.swift; path = ListingDetailView.swift; sourceTree = "<group>"; };
		5382A3AF2C0E7C1E00E94077 /* ListingImagesCarouselView.swift */ = {isa = PBXFileReference; lastKnownFileType = sourcecode.swift; path = ListingImagesCarouselView.swift; sourceTree = "<group>"; };
		5393BC7E2C07D62B0081BEC5 /* AirBnBswiftUI.app */ = {isa = PBXFileReference; explicitFileType = wrapper.application; includeInIndex = 0; path = AirBnBswiftUI.app; sourceTree = BUILT_PRODUCTS_DIR; };
		5393BC812C07D62B0081BEC5 /* AirBnBswiftUIApp.swift */ = {isa = PBXFileReference; lastKnownFileType = sourcecode.swift; path = AirBnBswiftUIApp.swift; sourceTree = "<group>"; };
		5393BC832C07D62B0081BEC5 /* ContentView.swift */ = {isa = PBXFileReference; lastKnownFileType = sourcecode.swift; path = ContentView.swift; sourceTree = "<group>"; };
		5393BC852C07D6300081BEC5 /* Assets.xcassets */ = {isa = PBXFileReference; lastKnownFileType = folder.assetcatalog; path = Assets.xcassets; sourceTree = "<group>"; };
		5393BC882C07D6300081BEC5 /* Preview Assets.xcassets */ = {isa = PBXFileReference; lastKnownFileType = folder.assetcatalog; path = "Preview Assets.xcassets"; sourceTree = "<group>"; };
		5393BC9B2C07DBF90081BEC5 /* ExploreView.swift */ = {isa = PBXFileReference; lastKnownFileType = sourcecode.swift; path = ExploreView.swift; sourceTree = "<group>"; };
		53EB33042C13D12A005EE821 /* Listing.swift */ = {isa = PBXFileReference; lastKnownFileType = sourcecode.swift; path = Listing.swift; sourceTree = "<group>"; };
		53EB33062C13DDF8005EE821 /* MockData.swift */ = {isa = PBXFileReference; lastKnownFileType = sourcecode.swift; path = MockData.swift; sourceTree = "<group>"; };
		53EB330B2C13E472005EE821 /* ExploreViewModel.swift */ = {isa = PBXFileReference; lastKnownFileType = sourcecode.swift; path = ExploreViewModel.swift; sourceTree = "<group>"; };
		53EB330D2C13E589005EE821 /* ExploreService.swift */ = {isa = PBXFileReference; lastKnownFileType = sourcecode.swift; path = ExploreService.swift; sourceTree = "<group>"; };
/* End PBXFileReference section */

/* Begin PBXFrameworksBuildPhase section */
		5393BC7B2C07D62B0081BEC5 /* Frameworks */ = {
			isa = PBXFrameworksBuildPhase;
			buildActionMask = 2147483647;
			files = (
			);
			runOnlyForDeploymentPostprocessing = 0;
		};
/* End PBXFrameworksBuildPhase section */

/* Begin PBXGroup section */
		5382A3AE2C0E7BE300E94077 /* Components */ = {
			isa = PBXGroup;
			children = (
				5382A3AF2C0E7C1E00E94077 /* ListingImagesCarouselView.swift */,
				533285D12C127F9D002B183D /* CTAbuttonView.swift */,
			);
			path = Components;
			sourceTree = "<group>";
		};
		5393BC752C07D62A0081BEC5 = {
			isa = PBXGroup;
			children = (
				5393BC802C07D62B0081BEC5 /* AirBnBswiftUI */,
				5393BC7F2C07D62B0081BEC5 /* Products */,
			);
			sourceTree = "<group>";
		};
		5393BC7F2C07D62B0081BEC5 /* Products */ = {
			isa = PBXGroup;
			children = (
				5393BC7E2C07D62B0081BEC5 /* AirBnBswiftUI.app */,
			);
			name = Products;
			sourceTree = "<group>";
		};
		5393BC802C07D62B0081BEC5 /* AirBnBswiftUI */ = {
			isa = PBXGroup;
			children = (
				5393BC8F2C07D6B70081BEC5 /* App */,
				5393BC902C07D6E10081BEC5 /* Core */,
				5393BC912C07D6FE0081BEC5 /* Extensions */,
				5393BC922C07D7180081BEC5 /* Models */,
				5393BC932C07D9200081BEC5 /* Utils */,
				5393BC832C07D62B0081BEC5 /* ContentView.swift */,
				5393BC852C07D6300081BEC5 /* Assets.xcassets */,
				5393BC872C07D6300081BEC5 /* Preview Content */,
			);
			path = AirBnBswiftUI;
			sourceTree = "<group>";
		};
		5393BC872C07D6300081BEC5 /* Preview Content */ = {
			isa = PBXGroup;
			children = (
				5393BC882C07D6300081BEC5 /* Preview Assets.xcassets */,
			);
			path = "Preview Content";
			sourceTree = "<group>";
		};
		5393BC8F2C07D6B70081BEC5 /* App */ = {
			isa = PBXGroup;
			children = (
				5393BC812C07D62B0081BEC5 /* AirBnBswiftUIApp.swift */,
			);
			path = App;
			sourceTree = "<group>";
		};
		5393BC902C07D6E10081BEC5 /* Core */ = {
			isa = PBXGroup;
			children = (
				5382A3AE2C0E7BE300E94077 /* Components */,
				5393BC942C07D9EF0081BEC5 /* Explore */,
				5393BC952C07D9FE0081BEC5 /* Listings */,
				5393BC962C07DA1C0081BEC5 /* MapView */,
				5393BC972C07DA260081BEC5 /* Profile */,
				5393BC982C07DA7B0081BEC5 /* Root */,
				5393BC992C07DA8B0081BEC5 /* TabBar */,
				5393BC9A2C07DA980081BEC5 /* WishList */,
			);
			path = Core;
			sourceTree = "<group>";
		};
		5393BC912C07D6FE0081BEC5 /* Extensions */ = {
			isa = PBXGroup;
			children = (
				53EB33062C13DDF8005EE821 /* MockData.swift */,
			);
			path = Extensions;
			sourceTree = "<group>";
		};
		5393BC922C07D7180081BEC5 /* Models */ = {
			isa = PBXGroup;
			children = (
			);
			path = Models;
			sourceTree = "<group>";
		};
		5393BC932C07D9200081BEC5 /* Utils */ = {
			isa = PBXGroup;
			children = (
			);
			path = Utils;
			sourceTree = "<group>";
		};
		5393BC942C07D9EF0081BEC5 /* Explore */ = {
			isa = PBXGroup;
			children = (
				53EB330A2C13E413005EE821 /* Service */,
				53EB33092C13E3EF005EE821 /* ViewModel */,
				53EB33082C13E3D2005EE821 /* View */,
			);
			path = Explore;
			sourceTree = "<group>";
		};
		5393BC952C07D9FE0081BEC5 /* Listings */ = {
			isa = PBXGroup;
			children = (
				53EB33022C13D0C7005EE821 /* Model */,
				53EB33032C13D0E8005EE821 /* View */,
			);
			path = Listings;
			sourceTree = "<group>";
		};
		5393BC962C07DA1C0081BEC5 /* MapView */ = {
			isa = PBXGroup;
			children = (
			);
			path = MapView;
			sourceTree = "<group>";
		};
		5393BC972C07DA260081BEC5 /* Profile */ = {
			isa = PBXGroup;
			children = (
				533285CB2C126D18002B183D /* ProfileView.swift */,
				533285CD2C127A54002B183D /* ProfileOptionsRowView.swift */,
			);
			path = Profile;
			sourceTree = "<group>";
		};
		5393BC982C07DA7B0081BEC5 /* Root */ = {
			isa = PBXGroup;
			children = (
			);
			path = Root;
			sourceTree = "<group>";
		};
		5393BC992C07DA8B0081BEC5 /* TabBar */ = {
			isa = PBXGroup;
			children = (
				533285D32C12805B002B183D /* MainTabBarView.swift */,
			);
			path = TabBar;
			sourceTree = "<group>";
		};
		5393BC9A2C07DA980081BEC5 /* WishList */ = {
			isa = PBXGroup;
			children = (
				533285CF2C127CC7002B183D /* WishListsView.swift */,
			);
			path = WishList;
			sourceTree = "<group>";
		};
		53EB33022C13D0C7005EE821 /* Model */ = {
			isa = PBXGroup;
			children = (
				53EB33042C13D12A005EE821 /* Listing.swift */,
			);
			path = Model;
			sourceTree = "<group>";
		};
		53EB33032C13D0E8005EE821 /* View */ = {
			isa = PBXGroup;
			children = (
				5300FD262C0A336B00391E29 /* ListingItemView.swift */,
				5382A3AC2C0E7ADC00E94077 /* ListingDetailView.swift */,
			);
			path = View;
			sourceTree = "<group>";
		};
		53EB33082C13E3D2005EE821 /* View */ = {
			isa = PBXGroup;
			children = (
				5393BC9B2C07DBF90081BEC5 /* ExploreView.swift */,
				5300FD282C0A693F00391E29 /* SearchAndFilterView.swift */,
				5318C6212C111922008A2F35 /* SearchDestinationView.swift */,
			);
			path = View;
			sourceTree = "<group>";
		};
		53EB33092C13E3EF005EE821 /* ViewModel */ = {
			isa = PBXGroup;
			children = (
				53EB330B2C13E472005EE821 /* ExploreViewModel.swift */,
			);
			path = ViewModel;
			sourceTree = "<group>";
		};
		53EB330A2C13E413005EE821 /* Service */ = {
			isa = PBXGroup;
			children = (
				53EB330D2C13E589005EE821 /* ExploreService.swift */,
			);
			path = Service;
			sourceTree = "<group>";
		};
/* End PBXGroup section */

/* Begin PBXNativeTarget section */
		5393BC7D2C07D62B0081BEC5 /* AirBnBswiftUI */ = {
			isa = PBXNativeTarget;
			buildConfigurationList = 5393BC8C2C07D6300081BEC5 /* Build configuration list for PBXNativeTarget "AirBnBswiftUI" */;
			buildPhases = (
				5393BC7A2C07D62B0081BEC5 /* Sources */,
				5393BC7B2C07D62B0081BEC5 /* Frameworks */,
				5393BC7C2C07D62B0081BEC5 /* Resources */,
			);
			buildRules = (
			);
			dependencies = (
			);
			name = AirBnBswiftUI;
			productName = AirBnBswiftUI;
			productReference = 5393BC7E2C07D62B0081BEC5 /* AirBnBswiftUI.app */;
			productType = "com.apple.product-type.application";
		};
/* End PBXNativeTarget section */

/* Begin PBXProject section */
		5393BC762C07D62A0081BEC5 /* Project object */ = {
			isa = PBXProject;
			attributes = {
				BuildIndependentTargetsInParallel = 1;
				LastSwiftUpdateCheck = 1530;
				LastUpgradeCheck = 1530;
				TargetAttributes = {
					5393BC7D2C07D62B0081BEC5 = {
						CreatedOnToolsVersion = 15.3;
					};
				};
			};
			buildConfigurationList = 5393BC792C07D62A0081BEC5 /* Build configuration list for PBXProject "AirBnBswiftUI" */;
			compatibilityVersion = "Xcode 14.0";
			developmentRegion = en;
			hasScannedForEncodings = 0;
			knownRegions = (
				en,
				Base,
			);
			mainGroup = 5393BC752C07D62A0081BEC5;
			productRefGroup = 5393BC7F2C07D62B0081BEC5 /* Products */;
			projectDirPath = "";
			projectRoot = "";
			targets = (
				5393BC7D2C07D62B0081BEC5 /* AirBnBswiftUI */,
			);
		};
/* End PBXProject section */

/* Begin PBXResourcesBuildPhase section */
		5393BC7C2C07D62B0081BEC5 /* Resources */ = {
			isa = PBXResourcesBuildPhase;
			buildActionMask = 2147483647;
			files = (
				5393BC892C07D6300081BEC5 /* Preview Assets.xcassets in Resources */,
				5393BC862C07D6300081BEC5 /* Assets.xcassets in Resources */,
			);
			runOnlyForDeploymentPostprocessing = 0;
		};
/* End PBXResourcesBuildPhase section */

/* Begin PBXSourcesBuildPhase section */
		5393BC7A2C07D62B0081BEC5 /* Sources */ = {
			isa = PBXSourcesBuildPhase;
			buildActionMask = 2147483647;
			files = (
				5300FD292C0A693F00391E29 /* SearchAndFilterView.swift in Sources */,
				533285CC2C126D18002B183D /* ProfileView.swift in Sources */,
				533285D22C127F9E002B183D /* CTAbuttonView.swift in Sources */,
				53EB330E2C13E589005EE821 /* ExploreService.swift in Sources */,
				533285CE2C127A54002B183D /* ProfileOptionsRowView.swift in Sources */,
				5318C6222C111923008A2F35 /* SearchDestinationView.swift in Sources */,
				53EB33072C13DDF8005EE821 /* MockData.swift in Sources */,
				5393BC842C07D62B0081BEC5 /* ContentView.swift in Sources */,
				5300FD272C0A336B00391E29 /* ListingItemView.swift in Sources */,
				533285D02C127CC7002B183D /* WishListsView.swift in Sources */,
				53EB33052C13D12A005EE821 /* Listing.swift in Sources */,
				5393BC9C2C07DBF90081BEC5 /* ExploreView.swift in Sources */,
				5382A3AD2C0E7ADC00E94077 /* ListingDetailView.swift in Sources */,
				53EB330C2C13E472005EE821 /* ExploreViewModel.swift in Sources */,
				533285D42C12805B002B183D /* MainTabBarView.swift in Sources */,
				5382A3B02C0E7C1E00E94077 /* ListingImagesCarouselView.swift in Sources */,
				5393BC822C07D62B0081BEC5 /* AirBnBswiftUIApp.swift in Sources */,
			);
			runOnlyForDeploymentPostprocessing = 0;
		};
/* End PBXSourcesBuildPhase section */

/* Begin XCBuildConfiguration section */
		5393BC8A2C07D6300081BEC5 /* Debug */ = {
			isa = XCBuildConfiguration;
			buildSettings = {
				ALWAYS_SEARCH_USER_PATHS = NO;
				ASSETCATALOG_COMPILER_GENERATE_SWIFT_ASSET_SYMBOL_EXTENSIONS = YES;
				CLANG_ANALYZER_NONNULL = YES;
				CLANG_ANALYZER_NUMBER_OBJECT_CONVERSION = YES_AGGRESSIVE;
				CLANG_CXX_LANGUAGE_STANDARD = "gnu++20";
				CLANG_ENABLE_MODULES = YES;
				CLANG_ENABLE_OBJC_ARC = YES;
				CLANG_ENABLE_OBJC_WEAK = YES;
				CLANG_WARN_BLOCK_CAPTURE_AUTORELEASING = YES;
				CLANG_WARN_BOOL_CONVERSION = YES;
				CLANG_WARN_COMMA = YES;
				CLANG_WARN_CONSTANT_CONVERSION = YES;
				CLANG_WARN_DEPRECATED_OBJC_IMPLEMENTATIONS = YES;
				CLANG_WARN_DIRECT_OBJC_ISA_USAGE = YES_ERROR;
				CLANG_WARN_DOCUMENTATION_COMMENTS = YES;
				CLANG_WARN_EMPTY_BODY = YES;
				CLANG_WARN_ENUM_CONVERSION = YES;
				CLANG_WARN_INFINITE_RECURSION = YES;
				CLANG_WARN_INT_CONVERSION = YES;
				CLANG_WARN_NON_LITERAL_NULL_CONVERSION = YES;
				CLANG_WARN_OBJC_IMPLICIT_RETAIN_SELF = YES;
				CLANG_WARN_OBJC_LITERAL_CONVERSION = YES;
				CLANG_WARN_OBJC_ROOT_CLASS = YES_ERROR;
				CLANG_WARN_QUOTED_INCLUDE_IN_FRAMEWORK_HEADER = YES;
				CLANG_WARN_RANGE_LOOP_ANALYSIS = YES;
				CLANG_WARN_STRICT_PROTOTYPES = YES;
				CLANG_WARN_SUSPICIOUS_MOVE = YES;
				CLANG_WARN_UNGUARDED_AVAILABILITY = YES_AGGRESSIVE;
				CLANG_WARN_UNREACHABLE_CODE = YES;
				CLANG_WARN__DUPLICATE_METHOD_MATCH = YES;
				COPY_PHASE_STRIP = NO;
				DEBUG_INFORMATION_FORMAT = dwarf;
				ENABLE_STRICT_OBJC_MSGSEND = YES;
				ENABLE_TESTABILITY = YES;
				ENABLE_USER_SCRIPT_SANDBOXING = YES;
				GCC_C_LANGUAGE_STANDARD = gnu17;
				GCC_DYNAMIC_NO_PIC = NO;
				GCC_NO_COMMON_BLOCKS = YES;
				GCC_OPTIMIZATION_LEVEL = 0;
				GCC_PREPROCESSOR_DEFINITIONS = (
					"DEBUG=1",
					"$(inherited)",
				);
				GCC_WARN_64_TO_32_BIT_CONVERSION = YES;
				GCC_WARN_ABOUT_RETURN_TYPE = YES_ERROR;
				GCC_WARN_UNDECLARED_SELECTOR = YES;
				GCC_WARN_UNINITIALIZED_AUTOS = YES_AGGRESSIVE;
				GCC_WARN_UNUSED_FUNCTION = YES;
				GCC_WARN_UNUSED_VARIABLE = YES;
				IPHONEOS_DEPLOYMENT_TARGET = 17.4;
				LOCALIZATION_PREFERS_STRING_CATALOGS = YES;
				MTL_ENABLE_DEBUG_INFO = INCLUDE_SOURCE;
				MTL_FAST_MATH = YES;
				ONLY_ACTIVE_ARCH = YES;
				SDKROOT = iphoneos;
				SWIFT_ACTIVE_COMPILATION_CONDITIONS = "DEBUG $(inherited)";
				SWIFT_OPTIMIZATION_LEVEL = "-Onone";
			};
			name = Debug;
		};
		5393BC8B2C07D6300081BEC5 /* Release */ = {
			isa = XCBuildConfiguration;
			buildSettings = {
				ALWAYS_SEARCH_USER_PATHS = NO;
				ASSETCATALOG_COMPILER_GENERATE_SWIFT_ASSET_SYMBOL_EXTENSIONS = YES;
				CLANG_ANALYZER_NONNULL = YES;
				CLANG_ANALYZER_NUMBER_OBJECT_CONVERSION = YES_AGGRESSIVE;
				CLANG_CXX_LANGUAGE_STANDARD = "gnu++20";
				CLANG_ENABLE_MODULES = YES;
				CLANG_ENABLE_OBJC_ARC = YES;
				CLANG_ENABLE_OBJC_WEAK = YES;
				CLANG_WARN_BLOCK_CAPTURE_AUTORELEASING = YES;
				CLANG_WARN_BOOL_CONVERSION = YES;
				CLANG_WARN_COMMA = YES;
				CLANG_WARN_CONSTANT_CONVERSION = YES;
				CLANG_WARN_DEPRECATED_OBJC_IMPLEMENTATIONS = YES;
				CLANG_WARN_DIRECT_OBJC_ISA_USAGE = YES_ERROR;
				CLANG_WARN_DOCUMENTATION_COMMENTS = YES;
				CLANG_WARN_EMPTY_BODY = YES;
				CLANG_WARN_ENUM_CONVERSION = YES;
				CLANG_WARN_INFINITE_RECURSION = YES;
				CLANG_WARN_INT_CONVERSION = YES;
				CLANG_WARN_NON_LITERAL_NULL_CONVERSION = YES;
				CLANG_WARN_OBJC_IMPLICIT_RETAIN_SELF = YES;
				CLANG_WARN_OBJC_LITERAL_CONVERSION = YES;
				CLANG_WARN_OBJC_ROOT_CLASS = YES_ERROR;
				CLANG_WARN_QUOTED_INCLUDE_IN_FRAMEWORK_HEADER = YES;
				CLANG_WARN_RANGE_LOOP_ANALYSIS = YES;
				CLANG_WARN_STRICT_PROTOTYPES = YES;
				CLANG_WARN_SUSPICIOUS_MOVE = YES;
				CLANG_WARN_UNGUARDED_AVAILABILITY = YES_AGGRESSIVE;
				CLANG_WARN_UNREACHABLE_CODE = YES;
				CLANG_WARN__DUPLICATE_METHOD_MATCH = YES;
				COPY_PHASE_STRIP = NO;
				DEBUG_INFORMATION_FORMAT = "dwarf-with-dsym";
				ENABLE_NS_ASSERTIONS = NO;
				ENABLE_STRICT_OBJC_MSGSEND = YES;
				ENABLE_USER_SCRIPT_SANDBOXING = YES;
				GCC_C_LANGUAGE_STANDARD = gnu17;
				GCC_NO_COMMON_BLOCKS = YES;
				GCC_WARN_64_TO_32_BIT_CONVERSION = YES;
				GCC_WARN_ABOUT_RETURN_TYPE = YES_ERROR;
				GCC_WARN_UNDECLARED_SELECTOR = YES;
				GCC_WARN_UNINITIALIZED_AUTOS = YES_AGGRESSIVE;
				GCC_WARN_UNUSED_FUNCTION = YES;
				GCC_WARN_UNUSED_VARIABLE = YES;
				IPHONEOS_DEPLOYMENT_TARGET = 17.4;
				LOCALIZATION_PREFERS_STRING_CATALOGS = YES;
				MTL_ENABLE_DEBUG_INFO = NO;
				MTL_FAST_MATH = YES;
				SDKROOT = iphoneos;
				SWIFT_COMPILATION_MODE = wholemodule;
				VALIDATE_PRODUCT = YES;
			};
			name = Release;
		};
		5393BC8D2C07D6300081BEC5 /* Debug */ = {
			isa = XCBuildConfiguration;
			buildSettings = {
				ASSETCATALOG_COMPILER_APPICON_NAME = AppIcon;
				ASSETCATALOG_COMPILER_GLOBAL_ACCENT_COLOR_NAME = AccentColor;
				CODE_SIGN_STYLE = Automatic;
				CURRENT_PROJECT_VERSION = 1;
				DEVELOPMENT_ASSET_PATHS = "\"AirBnBswiftUI/Preview Content\"";
				DEVELOPMENT_TEAM = LF49R4B4F3;
				ENABLE_PREVIEWS = YES;
				GENERATE_INFOPLIST_FILE = YES;
				INFOPLIST_KEY_UIApplicationSceneManifest_Generation = YES;
				INFOPLIST_KEY_UIApplicationSupportsIndirectInputEvents = YES;
				INFOPLIST_KEY_UILaunchScreen_Generation = YES;
				INFOPLIST_KEY_UISupportedInterfaceOrientations_iPad = "UIInterfaceOrientationPortrait UIInterfaceOrientationPortraitUpsideDown UIInterfaceOrientationLandscapeLeft UIInterfaceOrientationLandscapeRight";
				INFOPLIST_KEY_UISupportedInterfaceOrientations_iPhone = "UIInterfaceOrientationPortrait UIInterfaceOrientationLandscapeLeft UIInterfaceOrientationLandscapeRight";
				LD_RUNPATH_SEARCH_PATHS = (
					"$(inherited)",
					"@executable_path/Frameworks",
				);
				MARKETING_VERSION = 1.0;
				PRODUCT_BUNDLE_IDENTIFIER = kingoj.AirBnBswiftUI;
				PRODUCT_NAME = "$(TARGET_NAME)";
				SWIFT_EMIT_LOC_STRINGS = YES;
				SWIFT_VERSION = 5.0;
				TARGETED_DEVICE_FAMILY = "1,2";
			};
			name = Debug;
		};
		5393BC8E2C07D6300081BEC5 /* Release */ = {
			isa = XCBuildConfiguration;
			buildSettings = {
				ASSETCATALOG_COMPILER_APPICON_NAME = AppIcon;
				ASSETCATALOG_COMPILER_GLOBAL_ACCENT_COLOR_NAME = AccentColor;
				CODE_SIGN_STYLE = Automatic;
				CURRENT_PROJECT_VERSION = 1;
				DEVELOPMENT_ASSET_PATHS = "\"AirBnBswiftUI/Preview Content\"";
				DEVELOPMENT_TEAM = LF49R4B4F3;
				ENABLE_PREVIEWS = YES;
				GENERATE_INFOPLIST_FILE = YES;
				INFOPLIST_KEY_UIApplicationSceneManifest_Generation = YES;
				INFOPLIST_KEY_UIApplicationSupportsIndirectInputEvents = YES;
				INFOPLIST_KEY_UILaunchScreen_Generation = YES;
				INFOPLIST_KEY_UISupportedInterfaceOrientations_iPad = "UIInterfaceOrientationPortrait UIInterfaceOrientationPortraitUpsideDown UIInterfaceOrientationLandscapeLeft UIInterfaceOrientationLandscapeRight";
				INFOPLIST_KEY_UISupportedInterfaceOrientations_iPhone = "UIInterfaceOrientationPortrait UIInterfaceOrientationLandscapeLeft UIInterfaceOrientationLandscapeRight";
				LD_RUNPATH_SEARCH_PATHS = (
					"$(inherited)",
					"@executable_path/Frameworks",
				);
				MARKETING_VERSION = 1.0;
				PRODUCT_BUNDLE_IDENTIFIER = kingoj.AirBnBswiftUI;
				PRODUCT_NAME = "$(TARGET_NAME)";
				SWIFT_EMIT_LOC_STRINGS = YES;
				SWIFT_VERSION = 5.0;
				TARGETED_DEVICE_FAMILY = "1,2";
			};
			name = Release;
		};
/* End XCBuildConfiguration section */

/* Begin XCConfigurationList section */
		5393BC792C07D62A0081BEC5 /* Build configuration list for PBXProject "AirBnBswiftUI" */ = {
			isa = XCConfigurationList;
			buildConfigurations = (
				5393BC8A2C07D6300081BEC5 /* Debug */,
				5393BC8B2C07D6300081BEC5 /* Release */,
			);
			defaultConfigurationIsVisible = 0;
			defaultConfigurationName = Release;
		};
		5393BC8C2C07D6300081BEC5 /* Build configuration list for PBXNativeTarget "AirBnBswiftUI" */ = {
			isa = XCConfigurationList;
			buildConfigurations = (
				5393BC8D2C07D6300081BEC5 /* Debug */,
				5393BC8E2C07D6300081BEC5 /* Release */,
			);
			defaultConfigurationIsVisible = 0;
			defaultConfigurationName = Release;
		};
/* End XCConfigurationList section */
	};
	rootObject = 5393BC762C07D62A0081BEC5 /* Project object */;
}
